
Microsoft Visual Studio Solution File, Format Version 12.00
# Visual Studio Version 17
VisualStudioVersion = 17.14.36119.2 d17.14
MinimumVisualStudioVersion = 10.0.40219.1
Project("{FAE04EC0-301F-11D3-BF4B-00C04F79EFBC}") = "Taskes", "Taskes.csproj", "{5D06750F-ADF7-4712-AD8F-53CF221248FF}"
EndProject
Global
	GlobalSection(SolutionConfigurationPlatforms) = preSolution
		Debug|Any CPU = Debug|Any CPU
		Release|Any CPU = Release|Any CPU
	EndGlobalSection
	GlobalSection(ProjectConfigurationPlatforms) = postSolution
		{5D06750F-ADF7-4712-AD8F-53CF221248FF}.Debug|Any CPU.ActiveCfg = Debug|Any CPU
		{5D06750F-ADF7-4712-AD8F-53CF221248FF}.Debug|Any CPU.Build.0 = Debug|Any CPU
		{5D06750F-ADF7-4712-AD8F-53CF221248FF}.Release|Any CPU.ActiveCfg = Release|Any CPU
		{5D06750F-ADF7-4712-AD8F-53CF221248FF}.Release|Any CPU.Build.0 = Release|Any CPU
	EndGlobalSection
	GlobalSection(SolutionProperties) = preSolution
		HideSolutionNode = FALSE
	EndGlobalSection
	GlobalSection(ExtensibilityGlobals) = postSolution
		SolutionGuid = {35E5D47A-20ED-4744-AA3E-120C64753F95}
	EndGlobalSection
EndGlobal
